# THIS IS AN AUTOGENERATED FILE. DO NOT EDIT THIS FILE DIRECTLY.
# yarn lockfile v1


immediate@~3.0.5:
  version "3.0.6"
  resolved "http://registry.npm.taobao.org/immediate/download/immediate-3.0.6.tgz#9db1dbd0faf8de6fbe0f5dd5e56bb606280de69b"

lie@^3.3.0:
  version "3.3.0"
  resolved "http://registry.npm.taobao.org/lie/download/lie-3.3.0.tgz#dcf82dee545f46074daf200c7c1c5a08e0f40f6a"
  dependencies:
    immediate "~3.0.5"
